
Microsoft Visual Studio Solution File, Format Version 12.00
# Visual Studio 15
VisualStudioVersion = 15.0.27004.2006
MinimumVisualStudioVersion = 10.0.40219.1
Project("{8BC9CEB8-8B4A-11D0-8D11-00A0C91BC942}") = "InClass3", "InClass3\InClass3.vcxproj", "{D2ACBC10-9A33-44CC-8B72-9839827F63C7}"
EndProject
Global
	GlobalSection(SolutionConfigurationPlatforms) = preSolution
		Debug|x64 = Debug|x64
		Debug|x86 = Debug|x86
		Release|x64 = Release|x64
		Release|x86 = Release|x86
	EndGlobalSection
	GlobalSection(ProjectConfigurationPlatforms) = postSolution
		{D2ACBC10-9A33-44CC-8B72-9839827F63C7}.Debug|x64.ActiveCfg = Debug|x64
		{D2ACBC10-9A33-44CC-8B72-9839827F63C7}.Debug|x64.Build.0 = Debug|x64
		{D2ACBC10-9A33-44CC-8B72-9839827F63C7}.Debug|x86.ActiveCfg = Debug|Win32
		{D2ACBC10-9A33-44CC-8B72-9839827F63C7}.Debug|x86.Build.0 = Debug|Win32
		{D2ACBC10-9A33-44CC-8B72-9839827F63C7}.Release|x64.ActiveCfg = Release|x64
		{D2ACBC10-9A33-44CC-8B72-9839827F63C7}.Release|x64.Build.0 = Release|x64
		{D2ACBC10-9A33-44CC-8B72-9839827F63C7}.Release|x86.ActiveCfg = Release|Win32
		{D2ACBC10-9A33-44CC-8B72-9839827F63C7}.Release|x86.Build.0 = Release|Win32
	EndGlobalSection
	GlobalSection(SolutionProperties) = preSolution
		HideSolutionNode = FALSE
	EndGlobalSection
	GlobalSection(ExtensibilityGlobals) = postSolution
		SolutionGuid = {B3CFFBAD-735D-40DB-A977-D09CB4F193C6}
	EndGlobalSection
EndGlobal
