
Microsoft Visual Studio Solution File, Format Version 12.00
# Visual Studio 15
VisualStudioVersion = 15.0.27004.2006
MinimumVisualStudioVersion = 10.0.40219.1
Project("{8BC9CEB8-8B4A-11D0-8D11-00A0C91BC942}") = "Triangle", "Triangle.vcxproj", "{AC6CC1DF-2DFF-4A67-BF81-27AE033ABE55}"
EndProject
Global
	GlobalSection(SolutionConfigurationPlatforms) = preSolution
		Debug|x64 = Debug|x64
		Debug|x86 = Debug|x86
		Release|x64 = Release|x64
		Release|x86 = Release|x86
	EndGlobalSection
	GlobalSection(ProjectConfigurationPlatforms) = postSolution
		{AC6CC1DF-2DFF-4A67-BF81-27AE033ABE55}.Debug|x64.ActiveCfg = Debug|x64
		{AC6CC1DF-2DFF-4A67-BF81-27AE033ABE55}.Debug|x64.Build.0 = Debug|x64
		{AC6CC1DF-2DFF-4A67-BF81-27AE033ABE55}.Debug|x86.ActiveCfg = Debug|Win32
		{AC6CC1DF-2DFF-4A67-BF81-27AE033ABE55}.Debug|x86.Build.0 = Debug|Win32
		{AC6CC1DF-2DFF-4A67-BF81-27AE033ABE55}.Release|x64.ActiveCfg = Release|x64
		{AC6CC1DF-2DFF-4A67-BF81-27AE033ABE55}.Release|x64.Build.0 = Release|x64
		{AC6CC1DF-2DFF-4A67-BF81-27AE033ABE55}.Release|x86.ActiveCfg = Release|Win32
		{AC6CC1DF-2DFF-4A67-BF81-27AE033ABE55}.Release|x86.Build.0 = Release|Win32
	EndGlobalSection
	GlobalSection(SolutionProperties) = preSolution
		HideSolutionNode = FALSE
	EndGlobalSection
	GlobalSection(ExtensibilityGlobals) = postSolution
		SolutionGuid = {A19E3669-73B6-44F4-9502-395268C43C7A}
	EndGlobalSection
EndGlobal
