
Microsoft Visual Studio Solution File, Format Version 12.00
# Visual Studio 15
VisualStudioVersion = 15.0.27004.2006
MinimumVisualStudioVersion = 10.0.40219.1
Project("{8BC9CEB8-8B4A-11D0-8D11-00A0C91BC942}") = "HW9", "HW9\HW9.vcxproj", "{97F3A5C5-3854-4538-8D8B-93A390E8FCFE}"
EndProject
Global
	GlobalSection(SolutionConfigurationPlatforms) = preSolution
		Debug|x64 = Debug|x64
		Debug|x86 = Debug|x86
		Release|x64 = Release|x64
		Release|x86 = Release|x86
	EndGlobalSection
	GlobalSection(ProjectConfigurationPlatforms) = postSolution
		{97F3A5C5-3854-4538-8D8B-93A390E8FCFE}.Debug|x64.ActiveCfg = Debug|x64
		{97F3A5C5-3854-4538-8D8B-93A390E8FCFE}.Debug|x64.Build.0 = Debug|x64
		{97F3A5C5-3854-4538-8D8B-93A390E8FCFE}.Debug|x86.ActiveCfg = Debug|Win32
		{97F3A5C5-3854-4538-8D8B-93A390E8FCFE}.Debug|x86.Build.0 = Debug|Win32
		{97F3A5C5-3854-4538-8D8B-93A390E8FCFE}.Release|x64.ActiveCfg = Release|x64
		{97F3A5C5-3854-4538-8D8B-93A390E8FCFE}.Release|x64.Build.0 = Release|x64
		{97F3A5C5-3854-4538-8D8B-93A390E8FCFE}.Release|x86.ActiveCfg = Release|Win32
		{97F3A5C5-3854-4538-8D8B-93A390E8FCFE}.Release|x86.Build.0 = Release|Win32
	EndGlobalSection
	GlobalSection(SolutionProperties) = preSolution
		HideSolutionNode = FALSE
	EndGlobalSection
	GlobalSection(ExtensibilityGlobals) = postSolution
		SolutionGuid = {7C011574-6A64-4CDB-AD5D-7AF8EC4F921B}
	EndGlobalSection
EndGlobal
